
Microsoft Visual Studio Solution File, Format Version 12.00
# Visual Studio 2012
Project("{FAE04EC0-301F-11D3-BF4B-00C04F79EFBC}") = "ManyWho_Build_Demo_AccidentReporting", "ManyWho_Build_Demo_AccidentReporting\ManyWho_Build_Demo_AccidentReporting.csproj", "{7AFFF04B-8AEC-4D5C-A7C8-CF98CB8DCEF6}"
EndProject
Global
	GlobalSection(SolutionConfigurationPlatforms) = preSolution
		Debug|Any CPU = Debug|Any CPU
		Release|Any CPU = Release|Any CPU
	EndGlobalSection
	GlobalSection(ProjectConfigurationPlatforms) = postSolution
		{7AFFF04B-8AEC-4D5C-A7C8-CF98CB8DCEF6}.Debug|Any CPU.ActiveCfg = Debug|Any CPU
		{7AFFF04B-8AEC-4D5C-A7C8-CF98CB8DCEF6}.Debug|Any CPU.Build.0 = Debug|Any CPU
		{7AFFF04B-8AEC-4D5C-A7C8-CF98CB8DCEF6}.Release|Any CPU.ActiveCfg = Release|Any CPU
		{7AFFF04B-8AEC-4D5C-A7C8-CF98CB8DCEF6}.Release|Any CPU.Build.0 = Release|Any CPU
	EndGlobalSection
	GlobalSection(SolutionProperties) = preSolution
		HideSolutionNode = FALSE
	EndGlobalSection
EndGlobal
